
Microsoft Visual Studio Solution File, Format Version 12.00
# Visual Studio Version 17
VisualStudioVersion = 17.0.31903.59
MinimumVisualStudioVersion = 10.0.40219.1
Project("{FAE04EC0-301F-11D3-BF4B-00C04F79EFBC}") = "DinoRush.Core", "src\DinoRush.Core.csproj", "{190494EC-A396-4DAC-9FF3-A6B5816A07E6}"
EndProject
Project("{2150E333-8FDC-42A3-9474-1A3956D46DE8}") = "tests", "tests", "{7101D8A9-82A8-4FED-9041-AFDDBC9FB89F}"
EndProject
Project("{FAE04EC0-301F-11D3-BF4B-00C04F79EFBC}") = "DinoRush.Core.Tests", "tests\DinoRush.Core.Tests\DinoRush.Core.Tests.csproj", "{5A5970FD-23E2-4EB0-AC5E-A927230736A6}"
EndProject
Global
	GlobalSection(SolutionConfigurationPlatforms) = preSolution
		Debug|Any CPU = Debug|Any CPU
		Release|Any CPU = Release|Any CPU
	EndGlobalSection
	GlobalSection(SolutionProperties) = preSolution
		HideSolutionNode = FALSE
	EndGlobalSection
	GlobalSection(ProjectConfigurationPlatforms) = postSolution
		{190494EC-A396-4DAC-9FF3-A6B5816A07E6}.Debug|Any CPU.ActiveCfg = Debug|Any CPU
		{190494EC-A396-4DAC-9FF3-A6B5816A07E6}.Debug|Any CPU.Build.0 = Debug|Any CPU
		{190494EC-A396-4DAC-9FF3-A6B5816A07E6}.Release|Any CPU.ActiveCfg = Release|Any CPU
		{190494EC-A396-4DAC-9FF3-A6B5816A07E6}.Release|Any CPU.Build.0 = Release|Any CPU
		{5A5970FD-23E2-4EB0-AC5E-A927230736A6}.Debug|Any CPU.ActiveCfg = Debug|Any CPU
		{5A5970FD-23E2-4EB0-AC5E-A927230736A6}.Debug|Any CPU.Build.0 = Debug|Any CPU
		{5A5970FD-23E2-4EB0-AC5E-A927230736A6}.Release|Any CPU.ActiveCfg = Release|Any CPU
		{5A5970FD-23E2-4EB0-AC5E-A927230736A6}.Release|Any CPU.Build.0 = Release|Any CPU
	EndGlobalSection
	GlobalSection(NestedProjects) = preSolution
		{5A5970FD-23E2-4EB0-AC5E-A927230736A6} = {7101D8A9-82A8-4FED-9041-AFDDBC9FB89F}
	EndGlobalSection
EndGlobal
